
Microsoft Visual Studio Solution File, Format Version 12.00
# Visual Studio Version 17
VisualStudioVersion = 17.6.33723.286
MinimumVisualStudioVersion = 10.0.40219.1
Project("{9A19103F-16F7-4668-BE54-9A1E7A4F7556}") = "Banka.WebApi", "Banka\Banka.WebApi.csproj", "{D416C7F2-6AC7-4FD8-80E8-18062199DBE7}"
EndProject
Project("{FAE04EC0-301F-11D3-BF4B-00C04F79EFBC}") = "Infrastructure", "Infrastructure\Infrastructure.csproj", "{625CD60F-700D-4666-A3CB-CE01ECA370E1}"
EndProject
Project("{FAE04EC0-301F-11D3-BF4B-00C04F79EFBC}") = "Banka.Business", "Banka.Business\Banka.Business.csproj", "{CA7C3D44-8F9F-483A-A3F8-F34DCD2153E6}"
EndProject
Project("{FAE04EC0-301F-11D3-BF4B-00C04F79EFBC}") = "Banka.DataAccess", "Banka.DataAccess\Banka.DataAccess.csproj", "{3336B79F-0B4C-4C56-BA57-CDBF8B480F3B}"
EndProject
Project("{FAE04EC0-301F-11D3-BF4B-00C04F79EFBC}") = "Banka.Model", "Banka.Model\Banka.Model.csproj", "{E1A869D1-D527-4F91-ADEB-3221E3E6680C}"
EndProject
Global
	GlobalSection(SolutionConfigurationPlatforms) = preSolution
		Debug|Any CPU = Debug|Any CPU
		Release|Any CPU = Release|Any CPU
	EndGlobalSection
	GlobalSection(ProjectConfigurationPlatforms) = postSolution
		{D416C7F2-6AC7-4FD8-80E8-18062199DBE7}.Debug|Any CPU.ActiveCfg = Debug|Any CPU
		{D416C7F2-6AC7-4FD8-80E8-18062199DBE7}.Debug|Any CPU.Build.0 = Debug|Any CPU
		{D416C7F2-6AC7-4FD8-80E8-18062199DBE7}.Release|Any CPU.ActiveCfg = Release|Any CPU
		{D416C7F2-6AC7-4FD8-80E8-18062199DBE7}.Release|Any CPU.Build.0 = Release|Any CPU
		{625CD60F-700D-4666-A3CB-CE01ECA370E1}.Debug|Any CPU.ActiveCfg = Debug|Any CPU
		{625CD60F-700D-4666-A3CB-CE01ECA370E1}.Debug|Any CPU.Build.0 = Debug|Any CPU
		{625CD60F-700D-4666-A3CB-CE01ECA370E1}.Release|Any CPU.ActiveCfg = Release|Any CPU
		{625CD60F-700D-4666-A3CB-CE01ECA370E1}.Release|Any CPU.Build.0 = Release|Any CPU
		{CA7C3D44-8F9F-483A-A3F8-F34DCD2153E6}.Debug|Any CPU.ActiveCfg = Debug|Any CPU
		{CA7C3D44-8F9F-483A-A3F8-F34DCD2153E6}.Debug|Any CPU.Build.0 = Debug|Any CPU
		{CA7C3D44-8F9F-483A-A3F8-F34DCD2153E6}.Release|Any CPU.ActiveCfg = Release|Any CPU
		{CA7C3D44-8F9F-483A-A3F8-F34DCD2153E6}.Release|Any CPU.Build.0 = Release|Any CPU
		{3336B79F-0B4C-4C56-BA57-CDBF8B480F3B}.Debug|Any CPU.ActiveCfg = Debug|Any CPU
		{3336B79F-0B4C-4C56-BA57-CDBF8B480F3B}.Debug|Any CPU.Build.0 = Debug|Any CPU
		{3336B79F-0B4C-4C56-BA57-CDBF8B480F3B}.Release|Any CPU.ActiveCfg = Release|Any CPU
		{3336B79F-0B4C-4C56-BA57-CDBF8B480F3B}.Release|Any CPU.Build.0 = Release|Any CPU
		{E1A869D1-D527-4F91-ADEB-3221E3E6680C}.Debug|Any CPU.ActiveCfg = Debug|Any CPU
		{E1A869D1-D527-4F91-ADEB-3221E3E6680C}.Debug|Any CPU.Build.0 = Debug|Any CPU
		{E1A869D1-D527-4F91-ADEB-3221E3E6680C}.Release|Any CPU.ActiveCfg = Release|Any CPU
		{E1A869D1-D527-4F91-ADEB-3221E3E6680C}.Release|Any CPU.Build.0 = Release|Any CPU
	EndGlobalSection
	GlobalSection(SolutionProperties) = preSolution
		HideSolutionNode = FALSE
	EndGlobalSection
	GlobalSection(ExtensibilityGlobals) = postSolution
		SolutionGuid = {E26A010D-A29B-42EE-9AE9-55A647AB47DA}
	EndGlobalSection
EndGlobal
